
Microsoft Visual Studio Solution File, Format Version 12.00
# Visual Studio Version 17
VisualStudioVersion = 17.8.34309.116
MinimumVisualStudioVersion = 10.0.40219.1
Project("{FAE04EC0-301F-11D3-BF4B-00C04F79EFBC}") = "pdf_demo", "ConsoleApp1\pdf_demo.csproj", "{C79D7278-F0D8-49E8-8BB1-D11F1BB9CDC6}"
EndProject
Global
	GlobalSection(SolutionConfigurationPlatforms) = preSolution
		Debug|Any CPU = Debug|Any CPU
		Release|Any CPU = Release|Any CPU
	EndGlobalSection
	GlobalSection(ProjectConfigurationPlatforms) = postSolution
		{C79D7278-F0D8-49E8-8BB1-D11F1BB9CDC6}.Debug|Any CPU.ActiveCfg = Debug|Any CPU
		{C79D7278-F0D8-49E8-8BB1-D11F1BB9CDC6}.Debug|Any CPU.Build.0 = Debug|Any CPU
		{C79D7278-F0D8-49E8-8BB1-D11F1BB9CDC6}.Release|Any CPU.ActiveCfg = Release|Any CPU
		{C79D7278-F0D8-49E8-8BB1-D11F1BB9CDC6}.Release|Any CPU.Build.0 = Release|Any CPU
	EndGlobalSection
	GlobalSection(SolutionProperties) = preSolution
		HideSolutionNode = FALSE
	EndGlobalSection
	GlobalSection(ExtensibilityGlobals) = postSolution
		SolutionGuid = {6A0A5B6A-F3F7-4E82-A93C-BFAA3B219295}
	EndGlobalSection
EndGlobal
